
Microsoft Visual Studio Solution File, Format Version 12.00
# Visual Studio 15
VisualStudioVersion = 15.0.27004.2005
MinimumVisualStudioVersion = 10.0.40219.1
Project("{9A19103F-16F7-4668-BE54-9A1E7A4F7556}") = "01.Matrix of Palindromes", "01.Matrix of Palindromes\01.Matrix of Palindromes.csproj", "{9C8065EC-72C8-41C6-91E6-CDB9400E58A1}"
EndProject
Project("{9A19103F-16F7-4668-BE54-9A1E7A4F7556}") = "02. Diagonal Difference", "02. Diagonal Difference\02. Diagonal Difference.csproj", "{9911F2E6-1FC8-4794-9E78-B42C293D514A}"
EndProject
Project("{9A19103F-16F7-4668-BE54-9A1E7A4F7556}") = "03.Squares in Matrix", "03.Squares in Matrix\03.Squares in Matrix.csproj", "{DD763799-EEDD-43F0-90DC-FACCB68BB738}"
EndProject
Project("{9A19103F-16F7-4668-BE54-9A1E7A4F7556}") = "04. Maximal Sum", "04. Maximal Sum\04. Maximal Sum.csproj", "{E1492C7A-FA95-414F-894B-02244CE8919A}"
EndProject
Project("{9A19103F-16F7-4668-BE54-9A1E7A4F7556}") = "XXX05. Rubik’s Matrix", "05. Rubik’s Matrix\XXX05. Rubik’s Matrix.csproj", "{C55429AF-7B55-48FE-BC3D-293ECC2614A4}"
EndProject
Project("{FAE04EC0-301F-11D3-BF4B-00C04F79EFBC}") = "06. Target Practice", "06. Target Practice\06. Target Practice.csproj", "{6419B323-1C76-4120-A994-E67DE3498F64}"
EndProject
Project("{FAE04EC0-301F-11D3-BF4B-00C04F79EFBC}") = "07. Lego Blocks", "07. Lego Blocks\07. Lego Blocks.csproj", "{4F5B6FB0-34A3-429C-BB0B-BE45402DE847}"
EndProject
Project("{FAE04EC0-301F-11D3-BF4B-00C04F79EFBC}") = "XXX08. Radioactive Bunnies", "08. Radioactive Bunnies\XXX08. Radioactive Bunnies.csproj", "{86A66144-7CC2-4C35-92F0-87B2725CCA6B}"
EndProject
Global
	GlobalSection(SolutionConfigurationPlatforms) = preSolution
		Debug|Any CPU = Debug|Any CPU
		Release|Any CPU = Release|Any CPU
	EndGlobalSection
	GlobalSection(ProjectConfigurationPlatforms) = postSolution
		{9C8065EC-72C8-41C6-91E6-CDB9400E58A1}.Debug|Any CPU.ActiveCfg = Debug|Any CPU
		{9C8065EC-72C8-41C6-91E6-CDB9400E58A1}.Debug|Any CPU.Build.0 = Debug|Any CPU
		{9C8065EC-72C8-41C6-91E6-CDB9400E58A1}.Release|Any CPU.ActiveCfg = Release|Any CPU
		{9C8065EC-72C8-41C6-91E6-CDB9400E58A1}.Release|Any CPU.Build.0 = Release|Any CPU
		{9911F2E6-1FC8-4794-9E78-B42C293D514A}.Debug|Any CPU.ActiveCfg = Debug|Any CPU
		{9911F2E6-1FC8-4794-9E78-B42C293D514A}.Debug|Any CPU.Build.0 = Debug|Any CPU
		{9911F2E6-1FC8-4794-9E78-B42C293D514A}.Release|Any CPU.ActiveCfg = Release|Any CPU
		{9911F2E6-1FC8-4794-9E78-B42C293D514A}.Release|Any CPU.Build.0 = Release|Any CPU
		{DD763799-EEDD-43F0-90DC-FACCB68BB738}.Debug|Any CPU.ActiveCfg = Debug|Any CPU
		{DD763799-EEDD-43F0-90DC-FACCB68BB738}.Debug|Any CPU.Build.0 = Debug|Any CPU
		{DD763799-EEDD-43F0-90DC-FACCB68BB738}.Release|Any CPU.ActiveCfg = Release|Any CPU
		{DD763799-EEDD-43F0-90DC-FACCB68BB738}.Release|Any CPU.Build.0 = Release|Any CPU
		{E1492C7A-FA95-414F-894B-02244CE8919A}.Debug|Any CPU.ActiveCfg = Debug|Any CPU
		{E1492C7A-FA95-414F-894B-02244CE8919A}.Debug|Any CPU.Build.0 = Debug|Any CPU
		{E1492C7A-FA95-414F-894B-02244CE8919A}.Release|Any CPU.ActiveCfg = Release|Any CPU
		{E1492C7A-FA95-414F-894B-02244CE8919A}.Release|Any CPU.Build.0 = Release|Any CPU
		{C55429AF-7B55-48FE-BC3D-293ECC2614A4}.Debug|Any CPU.ActiveCfg = Debug|Any CPU
		{C55429AF-7B55-48FE-BC3D-293ECC2614A4}.Debug|Any CPU.Build.0 = Debug|Any CPU
		{C55429AF-7B55-48FE-BC3D-293ECC2614A4}.Release|Any CPU.ActiveCfg = Release|Any CPU
		{C55429AF-7B55-48FE-BC3D-293ECC2614A4}.Release|Any CPU.Build.0 = Release|Any CPU
		{6419B323-1C76-4120-A994-E67DE3498F64}.Debug|Any CPU.ActiveCfg = Debug|Any CPU
		{6419B323-1C76-4120-A994-E67DE3498F64}.Debug|Any CPU.Build.0 = Debug|Any CPU
		{6419B323-1C76-4120-A994-E67DE3498F64}.Release|Any CPU.ActiveCfg = Release|Any CPU
		{6419B323-1C76-4120-A994-E67DE3498F64}.Release|Any CPU.Build.0 = Release|Any CPU
		{4F5B6FB0-34A3-429C-BB0B-BE45402DE847}.Debug|Any CPU.ActiveCfg = Debug|Any CPU
		{4F5B6FB0-34A3-429C-BB0B-BE45402DE847}.Debug|Any CPU.Build.0 = Debug|Any CPU
		{4F5B6FB0-34A3-429C-BB0B-BE45402DE847}.Release|Any CPU.ActiveCfg = Release|Any CPU
		{4F5B6FB0-34A3-429C-BB0B-BE45402DE847}.Release|Any CPU.Build.0 = Release|Any CPU
		{86A66144-7CC2-4C35-92F0-87B2725CCA6B}.Debug|Any CPU.ActiveCfg = Debug|Any CPU
		{86A66144-7CC2-4C35-92F0-87B2725CCA6B}.Debug|Any CPU.Build.0 = Debug|Any CPU
		{86A66144-7CC2-4C35-92F0-87B2725CCA6B}.Release|Any CPU.ActiveCfg = Release|Any CPU
		{86A66144-7CC2-4C35-92F0-87B2725CCA6B}.Release|Any CPU.Build.0 = Release|Any CPU
	EndGlobalSection
	GlobalSection(SolutionProperties) = preSolution
		HideSolutionNode = FALSE
	EndGlobalSection
	GlobalSection(ExtensibilityGlobals) = postSolution
		SolutionGuid = {2BFF5D61-A90E-4B89-BC44-839EF6FFDA71}
	EndGlobalSection
EndGlobal
