
Microsoft Visual Studio Solution File, Format Version 12.00
# Visual Studio 15
VisualStudioVersion = 15.0.27004.2005
MinimumVisualStudioVersion = 10.0.40219.1
Project("{9A19103F-16F7-4668-BE54-9A1E7A4F7556}") = "01.Odd Lines", "01.Odd Lines\01.Odd Lines.csproj", "{1E6F79CD-7B3B-4BFA-AF9F-1600A80ECCD2}"
EndProject
Project("{FAE04EC0-301F-11D3-BF4B-00C04F79EFBC}") = "02. Line Numbers", "02. Line Numbers\02. Line Numbers.csproj", "{AA2B79B0-D6B1-40C9-BC6E-24FE3F344656}"
EndProject
Project("{FAE04EC0-301F-11D3-BF4B-00C04F79EFBC}") = "03. Word Count", "03. Word Count\03. Word Count.csproj", "{4A35E8D5-51A7-4AFB-B657-BD23E447B1C6}"
EndProject
Project("{FAE04EC0-301F-11D3-BF4B-00C04F79EFBC}") = "04. Copy Binary File", "04. Copy Binary File\04. Copy Binary File.csproj", "{E5A6B67A-32DB-44E5-A7D4-E1C271CFD768}"
EndProject
Project("{FAE04EC0-301F-11D3-BF4B-00C04F79EFBC}") = "05. Slicing File", "05. Slicing File\05. Slicing File.csproj", "{75A79617-8888-4179-B10C-AD00350AA53B}"
EndProject
Project("{FAE04EC0-301F-11D3-BF4B-00C04F79EFBC}") = "06. Zipping Sliced Files", "06. Zipping Sliced Files\06. Zipping Sliced Files.csproj", "{25FA5BF1-BBEF-4E39-A12D-599D60F9CD9D}"
EndProject
Project("{FAE04EC0-301F-11D3-BF4B-00C04F79EFBC}") = "07. Directory Traversal", "07. Directory Traversal\07. Directory Traversal.csproj", "{027169FC-8B30-4999-93E5-76740449024B}"
EndProject
Project("{FAE04EC0-301F-11D3-BF4B-00C04F79EFBC}") = "08. Full Directory Traversal", "08. Full Directory Traversal\08. Full Directory Traversal.csproj", "{E958E069-61D9-4491-B0DA-3F37857BA2D3}"
EndProject
Project("{FAE04EC0-301F-11D3-BF4B-00C04F79EFBC}") = "09. HTTP Server", "09. HTTP Server\09. HTTP Server.csproj", "{C01E708B-94E9-4612-814F-7A4D342B3EAE}"
EndProject
Global
	GlobalSection(SolutionConfigurationPlatforms) = preSolution
		Debug|Any CPU = Debug|Any CPU
		Release|Any CPU = Release|Any CPU
	EndGlobalSection
	GlobalSection(ProjectConfigurationPlatforms) = postSolution
		{1E6F79CD-7B3B-4BFA-AF9F-1600A80ECCD2}.Debug|Any CPU.ActiveCfg = Debug|Any CPU
		{1E6F79CD-7B3B-4BFA-AF9F-1600A80ECCD2}.Debug|Any CPU.Build.0 = Debug|Any CPU
		{1E6F79CD-7B3B-4BFA-AF9F-1600A80ECCD2}.Release|Any CPU.ActiveCfg = Release|Any CPU
		{1E6F79CD-7B3B-4BFA-AF9F-1600A80ECCD2}.Release|Any CPU.Build.0 = Release|Any CPU
		{AA2B79B0-D6B1-40C9-BC6E-24FE3F344656}.Debug|Any CPU.ActiveCfg = Debug|Any CPU
		{AA2B79B0-D6B1-40C9-BC6E-24FE3F344656}.Debug|Any CPU.Build.0 = Debug|Any CPU
		{AA2B79B0-D6B1-40C9-BC6E-24FE3F344656}.Release|Any CPU.ActiveCfg = Release|Any CPU
		{AA2B79B0-D6B1-40C9-BC6E-24FE3F344656}.Release|Any CPU.Build.0 = Release|Any CPU
		{4A35E8D5-51A7-4AFB-B657-BD23E447B1C6}.Debug|Any CPU.ActiveCfg = Debug|Any CPU
		{4A35E8D5-51A7-4AFB-B657-BD23E447B1C6}.Debug|Any CPU.Build.0 = Debug|Any CPU
		{4A35E8D5-51A7-4AFB-B657-BD23E447B1C6}.Release|Any CPU.ActiveCfg = Release|Any CPU
		{4A35E8D5-51A7-4AFB-B657-BD23E447B1C6}.Release|Any CPU.Build.0 = Release|Any CPU
		{E5A6B67A-32DB-44E5-A7D4-E1C271CFD768}.Debug|Any CPU.ActiveCfg = Debug|Any CPU
		{E5A6B67A-32DB-44E5-A7D4-E1C271CFD768}.Debug|Any CPU.Build.0 = Debug|Any CPU
		{E5A6B67A-32DB-44E5-A7D4-E1C271CFD768}.Release|Any CPU.ActiveCfg = Release|Any CPU
		{E5A6B67A-32DB-44E5-A7D4-E1C271CFD768}.Release|Any CPU.Build.0 = Release|Any CPU
		{75A79617-8888-4179-B10C-AD00350AA53B}.Debug|Any CPU.ActiveCfg = Debug|Any CPU
		{75A79617-8888-4179-B10C-AD00350AA53B}.Debug|Any CPU.Build.0 = Debug|Any CPU
		{75A79617-8888-4179-B10C-AD00350AA53B}.Release|Any CPU.ActiveCfg = Release|Any CPU
		{75A79617-8888-4179-B10C-AD00350AA53B}.Release|Any CPU.Build.0 = Release|Any CPU
		{25FA5BF1-BBEF-4E39-A12D-599D60F9CD9D}.Debug|Any CPU.ActiveCfg = Debug|Any CPU
		{25FA5BF1-BBEF-4E39-A12D-599D60F9CD9D}.Debug|Any CPU.Build.0 = Debug|Any CPU
		{25FA5BF1-BBEF-4E39-A12D-599D60F9CD9D}.Release|Any CPU.ActiveCfg = Release|Any CPU
		{25FA5BF1-BBEF-4E39-A12D-599D60F9CD9D}.Release|Any CPU.Build.0 = Release|Any CPU
		{027169FC-8B30-4999-93E5-76740449024B}.Debug|Any CPU.ActiveCfg = Debug|Any CPU
		{027169FC-8B30-4999-93E5-76740449024B}.Debug|Any CPU.Build.0 = Debug|Any CPU
		{027169FC-8B30-4999-93E5-76740449024B}.Release|Any CPU.ActiveCfg = Release|Any CPU
		{027169FC-8B30-4999-93E5-76740449024B}.Release|Any CPU.Build.0 = Release|Any CPU
		{E958E069-61D9-4491-B0DA-3F37857BA2D3}.Debug|Any CPU.ActiveCfg = Debug|Any CPU
		{E958E069-61D9-4491-B0DA-3F37857BA2D3}.Debug|Any CPU.Build.0 = Debug|Any CPU
		{E958E069-61D9-4491-B0DA-3F37857BA2D3}.Release|Any CPU.ActiveCfg = Release|Any CPU
		{E958E069-61D9-4491-B0DA-3F37857BA2D3}.Release|Any CPU.Build.0 = Release|Any CPU
		{C01E708B-94E9-4612-814F-7A4D342B3EAE}.Debug|Any CPU.ActiveCfg = Debug|Any CPU
		{C01E708B-94E9-4612-814F-7A4D342B3EAE}.Debug|Any CPU.Build.0 = Debug|Any CPU
		{C01E708B-94E9-4612-814F-7A4D342B3EAE}.Release|Any CPU.ActiveCfg = Release|Any CPU
		{C01E708B-94E9-4612-814F-7A4D342B3EAE}.Release|Any CPU.Build.0 = Release|Any CPU
	EndGlobalSection
	GlobalSection(SolutionProperties) = preSolution
		HideSolutionNode = FALSE
	EndGlobalSection
	GlobalSection(ExtensibilityGlobals) = postSolution
		SolutionGuid = {3868A7BC-06B5-4C35-AEAC-C0C1F3AA5FAC}
	EndGlobalSection
EndGlobal
