
Microsoft Visual Studio Solution File, Format Version 12.00
# Visual Studio 15
VisualStudioVersion = 15.0.27004.2005
MinimumVisualStudioVersion = 10.0.40219.1
Project("{FAE04EC0-301F-11D3-BF4B-00C04F79EFBC}") = "01. Reverse Strings", "01. Reverse Strings\01. Reverse Strings.csproj", "{F402D6FE-7FA4-4C40-B638-75459D0B78A1}"
EndProject
Project("{FAE04EC0-301F-11D3-BF4B-00C04F79EFBC}") = "02. Simple Calculator", "02. Simple Calculator\02. Simple Calculator.csproj", "{4562B98A-AFCE-457D-98C9-CC3F4CFF473F}"
EndProject
Project("{FAE04EC0-301F-11D3-BF4B-00C04F79EFBC}") = "03. Decimal to Binary Converter", "03. Decimal to Binary Converter\03. Decimal to Binary Converter.csproj", "{75A40404-3EFA-4438-8846-C6B22A841E80}"
EndProject
Project("{FAE04EC0-301F-11D3-BF4B-00C04F79EFBC}") = "04. Matching Brackets", "04. Matching Brackets\04. Matching Brackets.csproj", "{1E557C8E-F125-47FA-9ECF-2E8F4D60E73F}"
EndProject
Project("{FAE04EC0-301F-11D3-BF4B-00C04F79EFBC}") = "05. Hot Potato", "05. Hot Potato\05. Hot Potato.csproj", "{09990892-2CAD-4F86-A1FC-C8B3A88F8877}"
EndProject
Project("{FAE04EC0-301F-11D3-BF4B-00C04F79EFBC}") = "06. Traffic Jam", "06. Traffic Jam\06. Traffic Jam.csproj", "{0213A911-9881-46B6-A20A-A344E37567F8}"
EndProject
Global
	GlobalSection(SolutionConfigurationPlatforms) = preSolution
		Debug|Any CPU = Debug|Any CPU
		Release|Any CPU = Release|Any CPU
	EndGlobalSection
	GlobalSection(ProjectConfigurationPlatforms) = postSolution
		{F402D6FE-7FA4-4C40-B638-75459D0B78A1}.Debug|Any CPU.ActiveCfg = Debug|Any CPU
		{F402D6FE-7FA4-4C40-B638-75459D0B78A1}.Debug|Any CPU.Build.0 = Debug|Any CPU
		{F402D6FE-7FA4-4C40-B638-75459D0B78A1}.Release|Any CPU.ActiveCfg = Release|Any CPU
		{F402D6FE-7FA4-4C40-B638-75459D0B78A1}.Release|Any CPU.Build.0 = Release|Any CPU
		{4562B98A-AFCE-457D-98C9-CC3F4CFF473F}.Debug|Any CPU.ActiveCfg = Debug|Any CPU
		{4562B98A-AFCE-457D-98C9-CC3F4CFF473F}.Debug|Any CPU.Build.0 = Debug|Any CPU
		{4562B98A-AFCE-457D-98C9-CC3F4CFF473F}.Release|Any CPU.ActiveCfg = Release|Any CPU
		{4562B98A-AFCE-457D-98C9-CC3F4CFF473F}.Release|Any CPU.Build.0 = Release|Any CPU
		{75A40404-3EFA-4438-8846-C6B22A841E80}.Debug|Any CPU.ActiveCfg = Debug|Any CPU
		{75A40404-3EFA-4438-8846-C6B22A841E80}.Debug|Any CPU.Build.0 = Debug|Any CPU
		{75A40404-3EFA-4438-8846-C6B22A841E80}.Release|Any CPU.ActiveCfg = Release|Any CPU
		{75A40404-3EFA-4438-8846-C6B22A841E80}.Release|Any CPU.Build.0 = Release|Any CPU
		{1E557C8E-F125-47FA-9ECF-2E8F4D60E73F}.Debug|Any CPU.ActiveCfg = Debug|Any CPU
		{1E557C8E-F125-47FA-9ECF-2E8F4D60E73F}.Debug|Any CPU.Build.0 = Debug|Any CPU
		{1E557C8E-F125-47FA-9ECF-2E8F4D60E73F}.Release|Any CPU.ActiveCfg = Release|Any CPU
		{1E557C8E-F125-47FA-9ECF-2E8F4D60E73F}.Release|Any CPU.Build.0 = Release|Any CPU
		{09990892-2CAD-4F86-A1FC-C8B3A88F8877}.Debug|Any CPU.ActiveCfg = Debug|Any CPU
		{09990892-2CAD-4F86-A1FC-C8B3A88F8877}.Debug|Any CPU.Build.0 = Debug|Any CPU
		{09990892-2CAD-4F86-A1FC-C8B3A88F8877}.Release|Any CPU.ActiveCfg = Release|Any CPU
		{09990892-2CAD-4F86-A1FC-C8B3A88F8877}.Release|Any CPU.Build.0 = Release|Any CPU
		{0213A911-9881-46B6-A20A-A344E37567F8}.Debug|Any CPU.ActiveCfg = Debug|Any CPU
		{0213A911-9881-46B6-A20A-A344E37567F8}.Debug|Any CPU.Build.0 = Debug|Any CPU
		{0213A911-9881-46B6-A20A-A344E37567F8}.Release|Any CPU.ActiveCfg = Release|Any CPU
		{0213A911-9881-46B6-A20A-A344E37567F8}.Release|Any CPU.Build.0 = Release|Any CPU
	EndGlobalSection
	GlobalSection(SolutionProperties) = preSolution
		HideSolutionNode = FALSE
	EndGlobalSection
	GlobalSection(ExtensibilityGlobals) = postSolution
		SolutionGuid = {D772E21F-1554-4BFF-B9CB-11FAB25A86F0}
	EndGlobalSection
EndGlobal
